
Microsoft Visual Studio Solution File, Format Version 12.00
# Visual Studio 2012
Project("{FAE04EC0-301F-11D3-BF4B-00C04F79EFBC}") = "MVCServicesBook.Common", "MVCServicesBook.Common\MVCServicesBook.Common.csproj", "{50011E34-14E1-4E63-8FBD-5E4A4B129410}"
EndProject
Project("{FAE04EC0-301F-11D3-BF4B-00C04F79EFBC}") = "MVCServicesBook.Data", "MVCServicesBook.Data\MVCServicesBook.Data.csproj", "{1F3C9873-E11F-47B0-A9E7-8BE72B004C7D}"
EndProject
Project("{FAE04EC0-301F-11D3-BF4B-00C04F79EFBC}") = "MVCServicesBook.Data.SqlServer", "MVCServicesBook.Data.SqlServer\MVCServicesBook.Data.SqlServer.csproj", "{FCC217FD-BE4B-423D-B2C2-EAD7B0F57404}"
EndProject
Project("{FAE04EC0-301F-11D3-BF4B-00C04F79EFBC}") = "MVCServicesBook.Web.Api.Models", "MVCServicesBook.Web.Api.Models\MVCServicesBook.Web.Api.Models.csproj", "{62697DCC-0C54-4B22-B4A3-2726A3219193}"
EndProject
Project("{FAE04EC0-301F-11D3-BF4B-00C04F79EFBC}") = "MVCServicesBook.Web.Common", "MVCServicesBook.Web.Common\MVCServicesBook.Web.Common.csproj", "{D9BCCBCD-5943-430F-8708-CD808869E249}"
EndProject
Project("{FAE04EC0-301F-11D3-BF4B-00C04F79EFBC}") = "MVCServicesBook.Web.Api", "MVCServicesBook.Web.Api\MVCServicesBook.Web.Api.csproj", "{123006BE-9C9B-4182-AD86-37E170E363B3}"
EndProject
Project("{00D1A9C2-B5F0-4AF3-8072-F6C62B433612}") = "MVCServicesDb", "MVCServicesDb\MVCServicesDb.sqlproj", "{FCEE5AC8-6B64-40EA-ACEE-204B24DEA625}"
EndProject
Project("{FAE04EC0-301F-11D3-BF4B-00C04F79EFBC}") = "MVCServicesBook.Common.Tests", "MVCServicesBook.Common.Tests\MVCServicesBook.Common.Tests.csproj", "{0003B5F0-8C1F-4836-BAE6-427F5871F26B}"
EndProject
Global
	GlobalSection(SolutionConfigurationPlatforms) = preSolution
		Debug|Any CPU = Debug|Any CPU
		Release|Any CPU = Release|Any CPU
	EndGlobalSection
	GlobalSection(ProjectConfigurationPlatforms) = postSolution
		{50011E34-14E1-4E63-8FBD-5E4A4B129410}.Debug|Any CPU.ActiveCfg = Debug|Any CPU
		{50011E34-14E1-4E63-8FBD-5E4A4B129410}.Debug|Any CPU.Build.0 = Debug|Any CPU
		{50011E34-14E1-4E63-8FBD-5E4A4B129410}.Release|Any CPU.ActiveCfg = Release|Any CPU
		{50011E34-14E1-4E63-8FBD-5E4A4B129410}.Release|Any CPU.Build.0 = Release|Any CPU
		{1F3C9873-E11F-47B0-A9E7-8BE72B004C7D}.Debug|Any CPU.ActiveCfg = Debug|Any CPU
		{1F3C9873-E11F-47B0-A9E7-8BE72B004C7D}.Debug|Any CPU.Build.0 = Debug|Any CPU
		{1F3C9873-E11F-47B0-A9E7-8BE72B004C7D}.Release|Any CPU.ActiveCfg = Release|Any CPU
		{1F3C9873-E11F-47B0-A9E7-8BE72B004C7D}.Release|Any CPU.Build.0 = Release|Any CPU
		{FCC217FD-BE4B-423D-B2C2-EAD7B0F57404}.Debug|Any CPU.ActiveCfg = Debug|Any CPU
		{FCC217FD-BE4B-423D-B2C2-EAD7B0F57404}.Debug|Any CPU.Build.0 = Debug|Any CPU
		{FCC217FD-BE4B-423D-B2C2-EAD7B0F57404}.Release|Any CPU.ActiveCfg = Release|Any CPU
		{FCC217FD-BE4B-423D-B2C2-EAD7B0F57404}.Release|Any CPU.Build.0 = Release|Any CPU
		{62697DCC-0C54-4B22-B4A3-2726A3219193}.Debug|Any CPU.ActiveCfg = Debug|Any CPU
		{62697DCC-0C54-4B22-B4A3-2726A3219193}.Debug|Any CPU.Build.0 = Debug|Any CPU
		{62697DCC-0C54-4B22-B4A3-2726A3219193}.Release|Any CPU.ActiveCfg = Release|Any CPU
		{62697DCC-0C54-4B22-B4A3-2726A3219193}.Release|Any CPU.Build.0 = Release|Any CPU
		{D9BCCBCD-5943-430F-8708-CD808869E249}.Debug|Any CPU.ActiveCfg = Debug|Any CPU
		{D9BCCBCD-5943-430F-8708-CD808869E249}.Debug|Any CPU.Build.0 = Debug|Any CPU
		{D9BCCBCD-5943-430F-8708-CD808869E249}.Release|Any CPU.ActiveCfg = Release|Any CPU
		{D9BCCBCD-5943-430F-8708-CD808869E249}.Release|Any CPU.Build.0 = Release|Any CPU
		{123006BE-9C9B-4182-AD86-37E170E363B3}.Debug|Any CPU.ActiveCfg = Debug|Any CPU
		{123006BE-9C9B-4182-AD86-37E170E363B3}.Debug|Any CPU.Build.0 = Debug|Any CPU
		{123006BE-9C9B-4182-AD86-37E170E363B3}.Release|Any CPU.ActiveCfg = Release|Any CPU
		{123006BE-9C9B-4182-AD86-37E170E363B3}.Release|Any CPU.Build.0 = Release|Any CPU
		{FCEE5AC8-6B64-40EA-ACEE-204B24DEA625}.Debug|Any CPU.ActiveCfg = Debug|Any CPU
		{FCEE5AC8-6B64-40EA-ACEE-204B24DEA625}.Debug|Any CPU.Build.0 = Debug|Any CPU
		{FCEE5AC8-6B64-40EA-ACEE-204B24DEA625}.Debug|Any CPU.Deploy.0 = Debug|Any CPU
		{FCEE5AC8-6B64-40EA-ACEE-204B24DEA625}.Release|Any CPU.ActiveCfg = Release|Any CPU
		{FCEE5AC8-6B64-40EA-ACEE-204B24DEA625}.Release|Any CPU.Build.0 = Release|Any CPU
		{FCEE5AC8-6B64-40EA-ACEE-204B24DEA625}.Release|Any CPU.Deploy.0 = Release|Any CPU
		{0003B5F0-8C1F-4836-BAE6-427F5871F26B}.Debug|Any CPU.ActiveCfg = Debug|Any CPU
		{0003B5F0-8C1F-4836-BAE6-427F5871F26B}.Debug|Any CPU.Build.0 = Debug|Any CPU
		{0003B5F0-8C1F-4836-BAE6-427F5871F26B}.Release|Any CPU.ActiveCfg = Release|Any CPU
		{0003B5F0-8C1F-4836-BAE6-427F5871F26B}.Release|Any CPU.Build.0 = Release|Any CPU
	EndGlobalSection
	GlobalSection(SolutionProperties) = preSolution
		HideSolutionNode = FALSE
	EndGlobalSection
EndGlobal
